
Microsoft Visual Studio Solution File, Format Version 12.00
# Visual Studio Version 17
VisualStudioVersion = 17.9.34622.214
MinimumVisualStudioVersion = 10.0.40219.1
Project("{FAE04EC0-301F-11D3-BF4B-00C04F79EFBC}") = "CafeManagement", "CafeManagement.csproj", "{FFE4F32A-26A0-4EC0-923C-B5BED6C8B635}"
EndProject
Global
	GlobalSection(SolutionConfigurationPlatforms) = preSolution
		Debug|Any CPU = Debug|Any CPU
		Release|Any CPU = Release|Any CPU
	EndGlobalSection
	GlobalSection(ProjectConfigurationPlatforms) = postSolution
		{FFE4F32A-26A0-4EC0-923C-B5BED6C8B635}.Debug|Any CPU.ActiveCfg = Debug|Any CPU
		{FFE4F32A-26A0-4EC0-923C-B5BED6C8B635}.Debug|Any CPU.Build.0 = Debug|Any CPU
		{FFE4F32A-26A0-4EC0-923C-B5BED6C8B635}.Release|Any CPU.ActiveCfg = Release|Any CPU
		{FFE4F32A-26A0-4EC0-923C-B5BED6C8B635}.Release|Any CPU.Build.0 = Release|Any CPU
	EndGlobalSection
	GlobalSection(SolutionProperties) = preSolution
		HideSolutionNode = FALSE
	EndGlobalSection
	GlobalSection(ExtensibilityGlobals) = postSolution
		SolutionGuid = {CEC37446-1D2F-4466-B35E-CF27E129D017}
	EndGlobalSection
EndGlobal
